
Microsoft Visual Studio Solution File, Format Version 12.00
# Visual Studio 2012
Project("{FAE04EC0-301F-11D3-BF4B-00C04F79EFBC}") = "Modern Media Contest Web Application", "Modern Media Contest Web Application\Modern Media Contest Web Application.csproj", "{DEF1CC50-1E66-45EF-ACE0-7826AC80ED72}"
EndProject
Global
	GlobalSection(SolutionConfigurationPlatforms) = preSolution
		Debug|Any CPU = Debug|Any CPU
		Release|Any CPU = Release|Any CPU
	EndGlobalSection
	GlobalSection(ProjectConfigurationPlatforms) = postSolution
		{DEF1CC50-1E66-45EF-ACE0-7826AC80ED72}.Debug|Any CPU.ActiveCfg = Debug|Any CPU
		{DEF1CC50-1E66-45EF-ACE0-7826AC80ED72}.Debug|Any CPU.Build.0 = Debug|Any CPU
		{DEF1CC50-1E66-45EF-ACE0-7826AC80ED72}.Release|Any CPU.ActiveCfg = Release|Any CPU
		{DEF1CC50-1E66-45EF-ACE0-7826AC80ED72}.Release|Any CPU.Build.0 = Release|Any CPU
	EndGlobalSection
	GlobalSection(SolutionProperties) = preSolution
		HideSolutionNode = FALSE
	EndGlobalSection
EndGlobal
